{
    "name": "typescript-outline",
    "version": "1.0.0",
    "lockfileVersion": 3,
    "requires": true,
    "packages": {
        "": {
            "name": "typescript-outline",
            "version": "1.0.0",
            "license": "ISC",
            "dependencies": {
                "reflect-metadata": "^0.2.1"
            },
            "devDependencies": {
                "@types/reflect-metadata": "^0.1.0"
            }
        },
        "node_modules/@types/reflect-metadata": {
            "version": "0.1.0",
            "resolved": "https://registry.npmjs.org/@types/reflect-metadata/-/reflect-metadata-0.1.0.tgz",
            "integrity": "sha512-bXltFLY3qhzCnVYP5iUpeSICagQ8rc9K2liS+8M0lBcz54BHs3O6W5UvqespVSuebo1BXLi+/y9ioELAW9SC2A==",
            "deprecated": "This is a stub types definition for reflect-metadata (https://github.com/rbuckton/ReflectDecorators). reflect-metadata provides its own type definitions, so you don't need @types/reflect-metadata installed!",
            "dev": true,
            "dependencies": {
                "reflect-metadata": "*"
            }
        },
        "node_modules/reflect-metadata": {
            "version": "0.2.1",
            "resolved": "https://registry.npmjs.org/reflect-metadata/-/reflect-metadata-0.2.1.tgz",
            "integrity": "sha512-i5lLI6iw9AU3Uu4szRNPPEkomnkjRTaVt9hy/bn5g/oSzekBSMeLZblcjP74AW0vBabqERLLIrz+gR8QYR54Tw=="
        }
    }
}
